{
  "version": 1,
  "dependencies": {
    ".NETCoreApp,Version=v5.0": {
      "CommandLineParser": {
        "type": "Direct",
        "requested": "[2.8.0, )",
        "resolved": "2.8.0",
        "contentHash": "eco2HlKQBY4Joz9odHigzGpVzv6pjsXnY5lziioMveQxr+i2Z7xYcIOMeZTgYiqnMtMAbXMXsVhrNfWO5vJS8Q=="
      },
      "CommandLineParser.FSharp": {
        "type": "Direct",
        "requested": "[2.8.0, )",
        "resolved": "2.8.0",
        "contentHash": "kMpIVrIRTSi4ciV8sd6IjEzgpdTWWqF3PXikZ0LrtlZlU5ESZDt6II9vvuNG8h9cyyxZ1O3KUxMYgbx7ikxjVA==",
        "dependencies": {
          "FSharp.Core": "4.5.1"
        }
      },
      "FluentMigrator": {
        "type": "Direct",
        "requested": "[3.2.11, )",
        "resolved": "3.2.11",
        "contentHash": "WGMG1y964Jkth9K2XYJlLOGPdqQBbKMahoKc+aezXuMoGZW6Q/GSDpwNbA8JMk3atcmthKV1Lg3LmpP+laBO7g==",
        "dependencies": {
          "FluentMigrator.Abstractions": "3.2.11",
          "Microsoft.Extensions.DependencyInjection": "2.0.0",
          "Microsoft.Extensions.Options": "2.0.1"
        }
      },
      "FluentMigrator.Runner": {
        "type": "Direct",
        "requested": "[3.2.11, )",
        "resolved": "3.2.11",
        "contentHash": "DhLj0WjbXlojPJPGX9HhN1Ge833PV9v1tuyjtGK+XMFqfiqcFsTeyIzcYpf4HVtHMpIfbb3wZJytU/4xQdeccg==",
        "dependencies": {
          "FluentMigrator": "3.2.11",
          "FluentMigrator.Runner.Core": "3.2.11",
          "FluentMigrator.Runner.Db2": "3.2.11",
          "FluentMigrator.Runner.Firebird": "3.2.11",
          "FluentMigrator.Runner.Hana": "3.2.11",
          "FluentMigrator.Runner.MySql": "3.2.11",
          "FluentMigrator.Runner.Oracle": "3.2.11",
          "FluentMigrator.Runner.Postgres": "3.2.11",
          "FluentMigrator.Runner.Redshift": "3.2.11",
          "FluentMigrator.Runner.SQLite": "3.2.11",
          "FluentMigrator.Runner.SqlAnywhere": "3.2.11",
          "FluentMigrator.Runner.SqlServer": "3.2.11",
          "FluentMigrator.Runner.SqlServerCe": "3.2.11",
          "Microsoft.Extensions.Configuration.Abstractions": "2.0.1",
          "Microsoft.Extensions.Logging": "2.0.1"
        }
      },
      "FluentMigrator.Runner.SQLite": {
        "type": "Direct",
        "requested": "[3.2.11, )",
        "resolved": "3.2.11",
        "contentHash": "ZmThNomJkwL55LE7TTQRqBlWwm9GBxlyKGq+MbK/WYaurovswMPD6RtC8ZuJ2evBtokS3+rSe3EsNlOjILD6tQ==",
        "dependencies": {
          "FluentMigrator.Runner.Core": "3.2.11"
        }
      },
      "FSharp.Core": {
        "type": "Direct",
        "requested": "[5.0.0, )",
        "resolved": "5.0.0",
        "contentHash": "iHoYXA0VaSQUONGENB1aVafjDDZDZpwu39MtaRCTrmwFW/cTcK0b2yKNVYneFHJMc3ChtsSoM9lNtJ1dYXkHfA=="
      },
      "System.Data.SQLite": {
        "type": "Direct",
        "requested": "[1.0.113.7, )",
        "resolved": "1.0.113.7",
        "contentHash": "PQ9cXfM4R2iEztZb5EuO0RvXhK64fYK3GK9NfKIUj/rLcpTAIkxduEid/PJAV1KOAuP7NStCZORNeMYJStHJOA==",
        "dependencies": {
          "System.Data.SQLite.Core": "1.0.113.7",
          "System.Data.SQLite.EF6": "1.0.113"
        }
      },
      "EntityFramework": {
        "type": "Transitive",
        "resolved": "6.3.0",
        "contentHash": "mEvhoXscTyLFMcnbLzKlbWdx6N8fCY2IMe4drjUTMFqOqI4KThnTPXr1m50oXDJAn5PvCy2e90IcwN/OxkJUjg==",
        "dependencies": {
          "Microsoft.CSharp": "4.6.0",
          "System.CodeDom": "4.6.0",
          "System.ComponentModel.Annotations": "4.6.0",
          "System.Configuration.ConfigurationManager": "4.6.0",
          "System.Data.SqlClient": "4.7.0"
        }
      },
      "FluentMigrator.Abstractions": {
        "type": "Transitive",
        "resolved": "3.2.11",
        "contentHash": "A9tPXEqwgcYUcInUqqi3cKmsxcveWGDBEivWnzlrnE57/KqtA3oKHbybxwMiHf4Ev9GfLZru1Ln3gt/4XIRx0g==",
        "dependencies": {
          "System.ComponentModel.Annotations": "4.4.1",
          "System.ValueTuple": "4.4.0"
        }
      },
      "FluentMigrator.Extensions.Oracle": {
        "type": "Transitive",
        "resolved": "3.2.11",
        "contentHash": "ppzcYs7lx+sQnqoAfuEao9OEyvdJW/SQLlRqTuOWJDM/TFtzcZFquoG4wtthmCf3DfTkTRm50Q6MsHQbpnBq7g==",
        "dependencies": {
          "FluentMigrator.Abstractions": "3.2.11"
        }
      },
      "FluentMigrator.Extensions.Postgres": {
        "type": "Transitive",
        "resolved": "3.2.11",
        "contentHash": "KaOw2v/k0xMzsCljnENLcFcYr1YeWpErFGhXGPuCkUP4ENadb7wOcBaesC8MjDktxjbiHoMIL79j0+AHEUSDjQ==",
        "dependencies": {
          "FluentMigrator.Abstractions": "3.2.11"
        }
      },
      "FluentMigrator.Extensions.SqlAnywhere": {
        "type": "Transitive",
        "resolved": "3.2.11",
        "contentHash": "1VzT0sFpsNEbb0R2bwxg+3hNem/GY4iCnjOjejftfdLIoR1WAF4MIiyOUbIXfMyKruM84wvE7s1RCZwsLnNvjA==",
        "dependencies": {
          "FluentMigrator.Abstractions": "3.2.11"
        }
      },
      "FluentMigrator.Extensions.SqlServer": {
        "type": "Transitive",
        "resolved": "3.2.11",
        "contentHash": "exCf5VBnqUPWeMlbMsGS2fhpJoZmlTbH7DYNTP97VxbWtbcKMj7+Pwr54Iimrg46BkHq3w0keTggQ/Kp/BOhmA==",
        "dependencies": {
          "FluentMigrator.Abstractions": "3.2.11"
        }
      },
      "FluentMigrator.Runner.Core": {
        "type": "Transitive",
        "resolved": "3.2.11",
        "contentHash": "7b++stmJEp/S0iwsROkuKY6NgP3VNYcX9EtseFKMpejsQR2QoqBKDsKmNhOZMxo5244gzRm/F248EZ5kgx6F7A==",
        "dependencies": {
          "FluentMigrator.Abstractions": "3.2.11",
          "Microsoft.Extensions.Configuration.Abstractions": "2.0.1",
          "Microsoft.Extensions.DependencyInjection": "2.0.0",
          "Microsoft.Extensions.Logging.Abstractions": "2.0.1",
          "Microsoft.Extensions.Options": "2.0.1"
        }
      },
      "FluentMigrator.Runner.Db2": {
        "type": "Transitive",
        "resolved": "3.2.11",
        "contentHash": "npPIf4tLFk35CJtogpSGyOH2gl1MKdWmc1qAN50mCx8rK/tXCON1hSXKs/oKsY5yXtyqs3ubFo46JTFhmLyPEw==",
        "dependencies": {
          "FluentMigrator.Runner.Core": "3.2.11"
        }
      },
      "FluentMigrator.Runner.Firebird": {
        "type": "Transitive",
        "resolved": "3.2.11",
        "contentHash": "esdYMWCVXOfgFzAB6QY0EEoixQDGWKAP0GYnSrOvkImNogPdi83ZxvpNPlho3Ub5YdJkhZjCYwPu8FzqPBYYTg==",
        "dependencies": {
          "FluentMigrator.Runner.Core": "3.2.11",
          "Microsoft.Extensions.Options": "2.0.1"
        }
      },
      "FluentMigrator.Runner.Hana": {
        "type": "Transitive",
        "resolved": "3.2.11",
        "contentHash": "9LE+uatoe2pH5y3mg+iI5cHm9TLLitUGj3BbO/R6rEpzSAPq0vvqcvzjUC6lrXKuwDCUd1uGLEcPeBUJ7pqRGQ==",
        "dependencies": {
          "FluentMigrator.Runner.Core": "3.2.11"
        }
      },
      "FluentMigrator.Runner.MySql": {
        "type": "Transitive",
        "resolved": "3.2.11",
        "contentHash": "llNBbbEL5FhBTwtZwHzvtKaPQb7KNytVLy4zcyvrmL8ImpFqtVSrOmmo23LAEl42QUCOMCXKswd6o1+dslh9jg==",
        "dependencies": {
          "FluentMigrator.Runner.Core": "3.2.11"
        }
      },
      "FluentMigrator.Runner.Oracle": {
        "type": "Transitive",
        "resolved": "3.2.11",
        "contentHash": "cHCNElpfMVJT7fIA6l+dVWRBRPBZUHiof3I7WLVBIExvzHWrwGWH7VZKHTFCKec9advr3zfsEGj43o0c98GPHw==",
        "dependencies": {
          "FluentMigrator.Extensions.Oracle": "3.2.11",
          "FluentMigrator.Runner.Core": "3.2.11"
        }
      },
      "FluentMigrator.Runner.Postgres": {
        "type": "Transitive",
        "resolved": "3.2.11",
        "contentHash": "SHlqJ8iSzzxyaIghXv6MP+J3f6yIea9d2rAdjvCcr1urUVF5zIc70uIoWmj21MQV7NsLRJDtCscqovrirFH2lQ==",
        "dependencies": {
          "FluentMigrator.Extensions.Postgres": "3.2.11",
          "FluentMigrator.Runner.Core": "3.2.11"
        }
      },
      "FluentMigrator.Runner.Redshift": {
        "type": "Transitive",
        "resolved": "3.2.11",
        "contentHash": "tFORJ/Nr3uxf2COr3QOd/1xnrgAapoAaazxyOM7T/j5iYGeMPD595sw5IUIiIvEBR18V0l/D0hUEyFdzRB80oQ==",
        "dependencies": {
          "FluentMigrator.Runner.Core": "3.2.11"
        }
      },
      "FluentMigrator.Runner.SqlAnywhere": {
        "type": "Transitive",
        "resolved": "3.2.11",
        "contentHash": "agD3wutveMOYkRbJzy1HSqy7fNScPgRP507m0LUw0xZNEs1oecnYTDRK4sD5kJE3LJe7aDIX9XzDIxFjDyl3dw==",
        "dependencies": {
          "FluentMigrator.Extensions.SqlAnywhere": "3.2.11",
          "FluentMigrator.Runner.Core": "3.2.11"
        }
      },
      "FluentMigrator.Runner.SqlServer": {
        "type": "Transitive",
        "resolved": "3.2.11",
        "contentHash": "ifakwFkeSS9P60ZyaIElPVvLw74O4WCRpvDCR3tcXf8yfyAc3YCl3gQfa+aEvUWMEyOvlSplpMuPU7QD73fguw==",
        "dependencies": {
          "FluentMigrator.Extensions.SqlServer": "3.2.11",
          "FluentMigrator.Runner.Core": "3.2.11",
          "System.Data.SqlClient": "4.4.3"
        }
      },
      "FluentMigrator.Runner.SqlServerCe": {
        "type": "Transitive",
        "resolved": "3.2.11",
        "contentHash": "lgFoIaoQDRD0v97XyvRaJIJYa7IgH1yr4zz8YA92tDvZ2wH4y8XV3fqGVzyg8+fZCBw9d5+KQF07WFCn7LRvJg==",
        "dependencies": {
          "FluentMigrator.Runner.SqlServer": "3.2.11",
          "System.Security.Permissions": "4.4.1"
        }
      },
      "Microsoft.CSharp": {
        "type": "Transitive",
        "resolved": "4.6.0",
        "contentHash": "kxn3M2rnAGy5N5DgcIwcE8QTePWU/XiYcQVzn9HqTls2NKluVzVSmVWRjK7OUPWbljCXuZxHyhEz9kPRIQeXow=="
      },
      "Microsoft.Extensions.Configuration.Abstractions": {
        "type": "Transitive",
        "resolved": "2.0.1",
        "contentHash": "stGq1c136UUYOsgQuJ5fjiygqZhgt6Kj0pm4iL0qq1MICNgEKTJ4tnbXLkZfrDHDz+olsT2VY9cVv2yshg+m+A==",
        "dependencies": {
          "Microsoft.Extensions.Primitives": "2.0.0"
        }
      },
      "Microsoft.Extensions.DependencyInjection": {
        "type": "Transitive",
        "resolved": "2.0.0",
        "contentHash": "wakg18gHYiUL1pcjjyZuYk6OvDpbSw1E7IWxm78TMepsr+gQ8W0tWzuRm0q/9RFblngwPwo15rrgZSUV51W5Iw==",
        "dependencies": {
          "Microsoft.Extensions.DependencyInjection.Abstractions": "2.0.0"
        }
      },
      "Microsoft.Extensions.DependencyInjection.Abstractions": {
        "type": "Transitive",
        "resolved": "2.0.0",
        "contentHash": "eUdJ0Q/GfVyUJc0Jal5L1QZLceL78pvEM9wEKcHeI24KorqMDoVX+gWsMGLulQMfOwsUaPtkpQM2pFERTzSfSg=="
      },
      "Microsoft.Extensions.Logging": {
        "type": "Transitive",
        "resolved": "2.0.1",
        "contentHash": "FKeB93fwdaEf2EXpxczDjE1CkWoAIrijiG1RZeDyD0OvbC0yjTVp1kCJTLYPrFil9JveJzvgXpL7BMNil9Ht3w==",
        "dependencies": {
          "Microsoft.Extensions.DependencyInjection.Abstractions": "2.0.0",
          "Microsoft.Extensions.Logging.Abstractions": "2.0.1",
          "Microsoft.Extensions.Options": "2.0.1"
        }
      },
      "Microsoft.Extensions.Logging.Abstractions": {
        "type": "Transitive",
        "resolved": "2.0.1",
        "contentHash": "DzCKlMdXOysXFDBXgNnxFlpSj5AOdMkUqKEjKT1n+japTxhQ3e3MaGODZGtbIj9ezykRs9oEBGmdSHHfh4oNVA=="
      },
      "Microsoft.Extensions.Options": {
        "type": "Transitive",
        "resolved": "2.0.1",
        "contentHash": "gxo2Bgg4D6+uyQz1Wdj1FAcBD3870+t37YjplyQXmjLzPWaoU89AIg3AXBXw4fR9CCdWLputZBLm3YaBx+oDFQ==",
        "dependencies": {
          "Microsoft.Extensions.DependencyInjection.Abstractions": "2.0.0",
          "Microsoft.Extensions.Primitives": "2.0.0"
        }
      },
      "Microsoft.Extensions.Primitives": {
        "type": "Transitive",
        "resolved": "2.0.0",
        "contentHash": "ukg53qNlqTrK38WA30b5qhw0GD7y3jdI9PHHASjdKyTcBHTevFM2o23tyk3pWCgAV27Bbkm+CPQ2zUe1ZOuYSA==",
        "dependencies": {
          "System.Runtime.CompilerServices.Unsafe": "4.4.0"
        }
      },
      "Microsoft.NETCore.Platforms": {
        "type": "Transitive",
        "resolved": "3.0.0",
        "contentHash": "TsETIgVJb/AKoYfSP+iCxkuly5d3inZjTdx/ItZLk2CxY85v8083OBS3uai84kK3/baLnS5/b5XGs6zR7SuuHQ=="
      },
      "Microsoft.Win32.Registry": {
        "type": "Transitive",
        "resolved": "4.6.0",
        "contentHash": "Xuqo5Lf5h1eUAbT8sJwNSEgusyEcQQQcza1R8dxJ6q/1vLSU1SG/WxtgiCPAth14dz/IjBXCxWT/+6E9glX33w==",
        "dependencies": {
          "System.Security.AccessControl": "4.6.0",
          "System.Security.Principal.Windows": "4.6.0"
        }
      },
      "Microsoft.Win32.SystemEvents": {
        "type": "Transitive",
        "resolved": "4.6.0",
        "contentHash": "Edg+pFW5C8WJb680Za2kTV8TqUi6Ahl/WldRVoOVJ23UQLpDHFspa+umgFjkWZw24ETsU99Cg+ErZz683M4chg==",
        "dependencies": {
          "Microsoft.NETCore.Platforms": "3.0.0"
        }
      },
      "runtime.native.System.Data.SqlClient.sni": {
        "type": "Transitive",
        "resolved": "4.6.0",
        "contentHash": "WRq11dBcJYyAbrUVguvv3BqNGl5ub60mZxUd+xaxNsSOb7tMLQxjbiyD/hF6FSl1akiom7GMttPDa3TW+UmnAQ==",
        "dependencies": {
          "runtime.win-arm64.runtime.native.System.Data.SqlClient.sni": "4.4.0",
          "runtime.win-x64.runtime.native.System.Data.SqlClient.sni": "4.4.0",
          "runtime.win-x86.runtime.native.System.Data.SqlClient.sni": "4.4.0"
        }
      },
      "runtime.win-arm64.runtime.native.System.Data.SqlClient.sni": {
        "type": "Transitive",
        "resolved": "4.4.0",
        "contentHash": "LbrynESTp3bm5O/+jGL8v0Qg5SJlTV08lpIpFesXjF6uGNMWqFnUQbYBJwZTeua6E/Y7FIM1C54Ey1btLWupdg=="
      },
      "runtime.win-x64.runtime.native.System.Data.SqlClient.sni": {
        "type": "Transitive",
        "resolved": "4.4.0",
        "contentHash": "38ugOfkYJqJoX9g6EYRlZB5U2ZJH51UP8ptxZgdpS07FgOEToV+lS11ouNK2PM12Pr6X/PpT5jK82G3DwH/SxQ=="
      },
      "runtime.win-x86.runtime.native.System.Data.SqlClient.sni": {
        "type": "Transitive",
        "resolved": "4.4.0",
        "contentHash": "YhEdSQUsTx+C8m8Bw7ar5/VesXvCFMItyZF7G1AUY+OM0VPZUOeAVpJ4Wl6fydBGUYZxojTDR3I6Bj/+BPkJNA=="
      },
      "Stub.System.Data.SQLite.Core.NetStandard": {
        "type": "Transitive",
        "resolved": "1.0.113.2",
        "contentHash": "yGIM9xFyPHl79HluNTSQarvAOIJ68pmzmlMayVN6Nivu/7TiaHt7WqptolvwmuKdAXei8OzENh9RNdh7d6evjQ=="
      },
      "System.CodeDom": {
        "type": "Transitive",
        "resolved": "4.6.0",
        "contentHash": "ArWGZOxPhOaJUd4YgvbTxGZDbVDJHPAOQNiJIpbRDPW6v2NT5xkallQv1zpu8Rwwb5Z3iZ1jwWA4gSQuWgR+jw=="
      },
      "System.ComponentModel.Annotations": {
        "type": "Transitive",
        "resolved": "4.6.0",
        "contentHash": "pOd+UhZ3X8xfwKDlgAzowUJNjp8VYVmOHZm++vCd0kq1HZ0zK3mNo2yRXjYgv7Ik/Xi43fmJfND2PLEsQSALCg=="
      },
      "System.Configuration.ConfigurationManager": {
        "type": "Transitive",
        "resolved": "4.6.0",
        "contentHash": "gkNklXxdmB3r4SQTUzRhESZAb3MotgDz24XYi2R/bIjJ10SF0KHJ/qTEwi9CLyIAOTjmCo8Vx8+rKldLaiW7Ig==",
        "dependencies": {
          "System.Security.Cryptography.ProtectedData": "4.6.0",
          "System.Security.Permissions": "4.6.0"
        }
      },
      "System.Data.SqlClient": {
        "type": "Transitive",
        "resolved": "4.7.0",
        "contentHash": "lV3ljZeFc01DYyjcEBSxK3sy8Ow2R6AWa6o+g0t7B4hoDcA6Kzv4bTB4E4T7C/pKuZzHeBFLxe6fD4Am4q939Q==",
        "dependencies": {
          "Microsoft.Win32.Registry": "4.6.0",
          "System.Security.Principal.Windows": "4.6.0",
          "runtime.native.System.Data.SqlClient.sni": "4.6.0"
        }
      },
      "System.Data.SQLite.Core": {
        "type": "Transitive",
        "resolved": "1.0.113.7",
        "contentHash": "2DKMIxfZpIVzdMfx1dj9qvTm+0m0Mx6sN6CZXMQDNytU7Sk/JKo0Ox6mvHAicfHrQgqZbUZMzMMtLXD0kwmFfg==",
        "dependencies": {
          "Stub.System.Data.SQLite.Core.NetStandard": "1.0.113.2"
        }
      },
      "System.Data.SQLite.EF6": {
        "type": "Transitive",
        "resolved": "1.0.113",
        "contentHash": "4EioCVv8fEsI6Xp66Q/r9QI680smaLZzlIvBDXWRxPuc1/puBA8jHm7CTY3wgAOwAuiPgLsmq6RVdAjoaVuziQ==",
        "dependencies": {
          "EntityFramework": "6.3.0"
        }
      },
      "System.Drawing.Common": {
        "type": "Transitive",
        "resolved": "4.6.0",
        "contentHash": "2A3spjjoPZnvpVh/sDTzd+0H8ZqTdr+hH/6obB8MMfG81EJ85PmxCKDBxhBVQiA25PliKAZ1sKogDcq9mSnFEA==",
        "dependencies": {
          "Microsoft.NETCore.Platforms": "3.0.0",
          "Microsoft.Win32.SystemEvents": "4.6.0"
        }
      },
      "System.Runtime.CompilerServices.Unsafe": {
        "type": "Transitive",
        "resolved": "4.4.0",
        "contentHash": "9dLLuBxr5GNmOfl2jSMcsHuteEg32BEfUotmmUkmZjpR3RpVHE8YQwt0ow3p6prwA1ME8WqDVZqrr8z6H8G+Kw=="
      },
      "System.Security.AccessControl": {
        "type": "Transitive",
        "resolved": "4.6.0",
        "contentHash": "gmlk6khICtVhiUnVBBtlsH0H/5QFDqhTZgtpp3AX14wWE6OIE+BX95NLD+X4AolXnIy/oXpNNmXYnsNfW1KuDQ==",
        "dependencies": {
          "Microsoft.NETCore.Platforms": "3.0.0",
          "System.Security.Principal.Windows": "4.6.0"
        }
      },
      "System.Security.Cryptography.ProtectedData": {
        "type": "Transitive",
        "resolved": "4.6.0",
        "contentHash": "zdCsTOakmbAQVyOI6+ZadvXZgzSiFiY5nXAfGUQNGrz3ofc9sjehpXRvqYb3vWUsvloYFILSpiQCjiZVFKRBjA=="
      },
      "System.Security.Permissions": {
        "type": "Transitive",
        "resolved": "4.6.0",
        "contentHash": "W3Uxog9KCZAmGYsOFHgJnb7L2q+SDbxS3vGnFHmErUnXuIjWYpIh1KVTlua7qmPdrlRCkAcTF9dImv+jciBPOQ==",
        "dependencies": {
          "System.Security.AccessControl": "4.6.0",
          "System.Windows.Extensions": "4.6.0"
        }
      },
      "System.Security.Principal.Windows": {
        "type": "Transitive",
        "resolved": "4.6.0",
        "contentHash": "Mdukseovp0YIGaz16FMH6nbfgZkrCFOJbtXQptv0aeBO9h775Ilb9+TDwLVTKikoW7y7CY7lpoXl9zmZ5G3ndA=="
      },
      "System.ValueTuple": {
        "type": "Transitive",
        "resolved": "4.4.0",
        "contentHash": "BahUww/+mdP4ARCAh2RQhQTg13wYLVrBb9SYVgW8ZlrwjraGCXHGjo0oIiUfZ34LUZkMMR+RAzR7dEY4S1HeQQ=="
      },
      "System.Windows.Extensions": {
        "type": "Transitive",
        "resolved": "4.6.0",
        "contentHash": "GL4izk0KgeyXklUOHViAk7y1IOYVYcn8nDpJZgcCqNzTGv2xd+8rgGgMKMo8G9nvfEuRCrNxWnGc74EiuYH2YA==",
        "dependencies": {
          "System.Drawing.Common": "4.6.0"
        }
      }
    }
  }
}