{
  "version": 1,
  "dependencies": {
    ".NETCoreApp,Version=v5.0": {
      "FSharp.Core": {
        "type": "Direct",
        "requested": "[5.0.0, )",
        "resolved": "5.0.0",
        "contentHash": "iHoYXA0VaSQUONGENB1aVafjDDZDZpwu39MtaRCTrmwFW/cTcK0b2yKNVYneFHJMc3ChtsSoM9lNtJ1dYXkHfA=="
      },
      "FSharp.Data": {
        "type": "Direct",
        "requested": "[3.3.3, )",
        "resolved": "3.3.3",
        "contentHash": "O+fV9oPNktESFngvTzPIQUhTdQGNX0XYXToL1l7+3jE46Y7tp8Ux4FkTMzj8wa8QV07l4sY4pJ7bBppGDi3Lsw==",
        "dependencies": {
          "FSharp.Core": "4.3.4"
        }
      },
      "Microsoft.IdentityModel.Tokens": {
        "type": "Direct",
        "requested": "[6.8.0, )",
        "resolved": "6.8.0",
        "contentHash": "gTqzsGcmD13HgtNePPcuVHZ/NXWmyV+InJgalW/FhWpII1D7V1k0obIseGlWMeA4G+tZfeGMfXr0klnWbMR/mQ==",
        "dependencies": {
          "Microsoft.CSharp": "4.5.0",
          "Microsoft.IdentityModel.Logging": "6.8.0",
          "System.Security.Cryptography.Cng": "4.5.0"
        }
      },
      "System.IdentityModel.Tokens.Jwt": {
        "type": "Direct",
        "requested": "[6.8.0, )",
        "resolved": "6.8.0",
        "contentHash": "5tBCjAub2Bhd5qmcd0WhR5s354e4oLYa//kOWrkX+6/7ZbDDJjMTfwLSOiZ/MMpWdE4DWPLOfTLOq/juj9CKzA==",
        "dependencies": {
          "Microsoft.IdentityModel.JsonWebTokens": "6.8.0",
          "Microsoft.IdentityModel.Tokens": "6.8.0"
        }
      },
      "Microsoft.CSharp": {
        "type": "Transitive",
        "resolved": "4.5.0",
        "contentHash": "kaj6Wb4qoMuH3HySFJhxwQfe8R/sJsNJnANrvv8WdFPMoNbKY5htfNscv+LHCu5ipz+49m2e+WQXpLXr9XYemQ=="
      },
      "Microsoft.IdentityModel.JsonWebTokens": {
        "type": "Transitive",
        "resolved": "6.8.0",
        "contentHash": "+7JIww64PkMt7NWFxoe4Y/joeF7TAtA/fQ0b2GFGcagzB59sKkTt/sMZWR6aSZht5YC7SdHi3W6yM1yylRGJCQ==",
        "dependencies": {
          "Microsoft.IdentityModel.Tokens": "6.8.0"
        }
      },
      "Microsoft.IdentityModel.Logging": {
        "type": "Transitive",
        "resolved": "6.8.0",
        "contentHash": "Rfh/p4MaN4gkmhPxwbu8IjrmoDncGfHHPh1sTnc0AcM/Oc39/fzC9doKNWvUAjzFb8LqA6lgZyblTrIsX/wDXg=="
      },
      "System.Security.Cryptography.Cng": {
        "type": "Transitive",
        "resolved": "4.5.0",
        "contentHash": "WG3r7EyjUe9CMPFSs6bty5doUqT+q9pbI80hlNzo2SkPkZ4VTuZkGWjpp77JB8+uaL4DFPRdBsAY+DX3dBK92A=="
      },
      "weatherforecast.fsharp.domain": {
        "type": "Project",
        "dependencies": {
          "FSharp.Core": "5.0.0"
        }
      }
    }
  }
}